{
  "lockfileVersion": 1,
  "configVersion": 1,
  "workspaces": {
    "": {
      "name": "zod-select",
      "dependencies": {
        "zod": "^4.1.13",
      },
      "devDependencies": {
        "@types/bun": "^1.3.4",
        "@typescript/native-preview": "~7.0.0-dev.20251210.1",
      },
    },
  },
  "packages": {
    "@types/bun": ["@types/bun@1.3.4", "", { "dependencies": { "bun-types": "1.3.4" } }, "sha512-EEPTKXHP+zKGPkhRLv+HI0UEX8/o+65hqARxLy8Ov5rIxMBPNTjeZww00CIihrIQGEQBYg+0roO5qOnS/7boGA=="],

    "@types/node": ["@types/node@25.0.0", "", { "dependencies": { "undici-types": "~7.16.0" } }, "sha512-rl78HwuZlaDIUSeUKkmogkhebA+8K1Hy7tddZuJ3D0xV8pZSfsYGTsliGUol1JPzu9EKnTxPC4L1fiWouStRew=="],

    "@typescript/native-preview": ["@typescript/native-preview@7.0.0-dev.20251210.1", "", { "optionalDependencies": { "@typescript/native-preview-darwin-arm64": "7.0.0-dev.20251210.1", "@typescript/native-preview-darwin-x64": "7.0.0-dev.20251210.1", "@typescript/native-preview-linux-arm": "7.0.0-dev.20251210.1", "@typescript/native-preview-linux-arm64": "7.0.0-dev.20251210.1", "@typescript/native-preview-linux-x64": "7.0.0-dev.20251210.1", "@typescript/native-preview-win32-arm64": "7.0.0-dev.20251210.1", "@typescript/native-preview-win32-x64": "7.0.0-dev.20251210.1" }, "bin": { "tsgo": "bin/tsgo.js" } }, "sha512-SiSRpp42K80X+qJKAi8qvjo2xMZIgJgROXCJo0MiZ8a6fjQK6IetRfUvwdApUsDltf/VaEc/j8v2Hiqp8SGhLQ=="],

    "@typescript/native-preview-darwin-arm64": ["@typescript/native-preview-darwin-arm64@7.0.0-dev.20251210.1", "", { "os": "darwin", "cpu": "arm64" }, "sha512-6FLhFMAdaW/JMzTPqaIxVTgCFhMQY2v88qVGLUmcf9coCJx5plxuY0zxzXaLrvQulGnDurIKZMW5tBGmQy4Buw=="],

    "@typescript/native-preview-darwin-x64": ["@typescript/native-preview-darwin-x64@7.0.0-dev.20251210.1", "", { "os": "darwin", "cpu": "x64" }, "sha512-JrsZ913/ZyeoFDCVq+k4h0VUJHyqjT6te/IC8aMtLZQRkusQEX+57Anfr/BVXzWBa8+JwIXPGzllilw5dkrHNw=="],

    "@typescript/native-preview-linux-arm": ["@typescript/native-preview-linux-arm@7.0.0-dev.20251210.1", "", { "os": "linux", "cpu": "arm" }, "sha512-v1hyGd8TWHaoRU8BJfGAdW6ML70TLUOB9+0Xeo30m3xHlOdO1zxunXa/FVhqzrChqzOkcty61PGe9tAPhrIh1w=="],

    "@typescript/native-preview-linux-arm64": ["@typescript/native-preview-linux-arm64@7.0.0-dev.20251210.1", "", { "os": "linux", "cpu": "arm64" }, "sha512-GViH0JIkpEHCo04VYD/iAKqYjIB2uLXXtTmmLaImzBVd+h1dlKFgi2aOMi51mYnSefnbj7P7PeqIQNLKwi4NSQ=="],

    "@typescript/native-preview-linux-x64": ["@typescript/native-preview-linux-x64@7.0.0-dev.20251210.1", "", { "os": "linux", "cpu": "x64" }, "sha512-X6p2MrcRcYE9T+ecNHYZHFYew0t+k9Sc2GbyjbNB0+MJ/Lffp3aUH59dp+JASZoyOxugPwN+MCJ/kNzYqiK9vg=="],

    "@typescript/native-preview-win32-arm64": ["@typescript/native-preview-win32-arm64@7.0.0-dev.20251210.1", "", { "os": "win32", "cpu": "arm64" }, "sha512-FewUZSh7d9YnX0j3hr+N+zQ5B54k4jsVpZp8QbuDduMtautxI18bNO+vL5oO86ezqLWbUnZajXV/61MGfpEtMg=="],

    "@typescript/native-preview-win32-x64": ["@typescript/native-preview-win32-x64@7.0.0-dev.20251210.1", "", { "os": "win32", "cpu": "x64" }, "sha512-NdqTPzm/Ls3F1amP/e/akCuhY32mjBXT0NMQnYODgT9ltbdkk08b572Bp4GbdfRj9AiJxK70pqoNeZWw4e5fhg=="],

    "bun-types": ["bun-types@1.3.4", "", { "dependencies": { "@types/node": "*" } }, "sha512-5ua817+BZPZOlNaRgGBpZJOSAQ9RQ17pkwPD0yR7CfJg+r8DgIILByFifDTa+IPDDxzf5VNhtNlcKqFzDgJvlQ=="],

    "undici-types": ["undici-types@7.16.0", "", {}, "sha512-Zz+aZWSj8LE6zoxD+xrjh4VfkIG8Ya6LvYkZqtUQGJPZjYl53ypCaUwWqo7eI0x66KBGeRo+mlBEkMSeSZ38Nw=="],

    "zod": ["zod@4.1.13", "", {}, "sha512-AvvthqfqrAhNH9dnfmrfKzX5upOdjUVJYFqNSlkmGf64gRaTzlPwz99IHYnVs28qYAybvAlBV+H7pn0saFY4Ig=="],
  }
}
